
Microsoft Visual Studio Solution File, Format Version 12.00
# Visual Studio Version 16
VisualStudioVersion = 16.0.30204.135
MinimumVisualStudioVersion = 10.0.40219.1
Project("{FAE04EC0-301F-11D3-BF4B-00C04F79EFBC}") = "ProyectoIntegrador", "ProyectoIntegrador\ProyectoIntegrador.csproj", "{6ECC16FA-E8BB-4292-BA7A-942C9B29F601}"
EndProject
Global
	GlobalSection(SolutionConfigurationPlatforms) = preSolution
		Debug|Any CPU = Debug|Any CPU
		Release|Any CPU = Release|Any CPU
	EndGlobalSection
	GlobalSection(ProjectConfigurationPlatforms) = postSolution
		{6ECC16FA-E8BB-4292-BA7A-942C9B29F601}.Debug|Any CPU.ActiveCfg = Debug|Any CPU
		{6ECC16FA-E8BB-4292-BA7A-942C9B29F601}.Debug|Any CPU.Build.0 = Debug|Any CPU
		{6ECC16FA-E8BB-4292-BA7A-942C9B29F601}.Release|Any CPU.ActiveCfg = Release|Any CPU
		{6ECC16FA-E8BB-4292-BA7A-942C9B29F601}.Release|Any CPU.Build.0 = Release|Any CPU
	EndGlobalSection
	GlobalSection(SolutionProperties) = preSolution
		HideSolutionNode = FALSE
	EndGlobalSection
	GlobalSection(ExtensibilityGlobals) = postSolution
		SolutionGuid = {1AD0D117-9642-40E6-99DD-F66B3BB0078D}
	EndGlobalSection
EndGlobal
